{
  "name": "react-native-root-views",
  "version": "0.1.0",
  "lockfileVersion": 1,
  "requires": true,
  "dependencies": {
    "invariant": {
      "version": "2.2.2",
      "resolved": "https://registry.npmjs.org/invariant/-/invariant-2.2.2.tgz",
      "integrity": "sha1-nh9WrArNtr8wMwbzOL47IErmA2A=",
      "requires": {
        "loose-envify": "1.3.1"
      }
    },
    "js-tokens": {
      "version": "3.0.2",
      "resolved": "https://registry.npmjs.org/js-tokens/-/js-tokens-3.0.2.tgz",
      "integrity": "sha1-mGbfOVECEw449/mWvOtlRDIJwls="
    },
    "loose-envify": {
      "version": "1.3.1",
      "resolved": "https://registry.npmjs.org/loose-envify/-/loose-envify-1.3.1.tgz",
      "integrity": "sha1-0aitM/qc4OcT1l/dCsi3SNR4yEg=",
      "requires": {
        "js-tokens": "3.0.2"
      }
    },
    "react-native-roots": {
      "version": "0.0.3",
      "resolved": "https://registry.npmjs.org/react-native-roots/-/react-native-roots-0.0.3.tgz",
      "integrity": "sha512-ypGBj+2gcsgOkWVwAfP9o/qX7K/kyYDDCmkMhjHbBP/9h01YV+a6lVWU/h991C1GFAbwV3FgbWqwXqXEWGRNqQ==",
      "requires": {
        "invariant": "2.2.2",
        "react-static-container": "1.0.1"
      }
    },
    "react-static-container": {
      "version": "1.0.1",
      "resolved": "https://registry.npmjs.org/react-static-container/-/react-static-container-1.0.1.tgz",
      "integrity": "sha1-aUwN1oqJa4eVGa+1SDmcwZicmrA="
    }
  }
}
